{
  "name": "gitrun-dashboard-tauri",
  "version": "1.4.5",
  "lockfileVersion": 3,
  "requires": true,
  "packages": {
    "": {
      "name": "gitrun-dashboard-tauri",
      "version": "1.4.5",
      "devDependencies": {
        "@tauri-apps/cli": "^2"
      }
    },
    "node_modules/@tauri-apps/cli": {
      "version": "2.12.1",
      "resolved": "https://registry.npmjs.org/@tauri-apps/cli/-/cli-2.12.1.tgz",
      "dev": true,
      "license": "Apache-2.0 OR MIT",
      "bin": {
        "tauri": "tauri.js"
      },
      "engines": {
        "node": ">= 10"
      },
      "optionalDependencies": {
        "@tauri-apps/cli-darwin-arm64": "2.12.1",
        "@tauri-apps/cli-darwin-x64": "2.12.1",
        "@tauri-apps/cli-linux-arm-gnueabihf": "2.12.1",
        "@tauri-apps/cli-linux-arm64-gnu": "2.12.1",
        "@tauri-apps/cli-linux-arm64-musl": "2.12.1",
        "@tauri-apps/cli-linux-riscv64-gnu": "2.12.1",
        "@tauri-apps/cli-linux-x64-gnu": "2.12.1",
        "@tauri-apps/cli-linux-x64-musl": "2.12.1",
        "@tauri-apps/cli-win32-arm64-msvc": "2.12.1",
        "@tauri-apps/cli-win32-ia32-msvc": "2.12.1",
        "@tauri-apps/cli-win32-x64-msvc": "2.12.1"
      }
    },
    "node_modules/@tauri-apps/cli-darwin-arm64": {
      "version": "2.12.1",
      "resolved": "https://registry.npmjs.org/@tauri-apps/cli-darwin-arm64/-/cli-darwin-arm64-2.12.1.tgz",
      "cpu": [
        "arm64"
      ],
      "os": [
        "darwin"
      ],
      "dev": true,
      "license": "Apache-2.0 OR MIT",
      "optional": true
    },
    "node_modules/@tauri-apps/cli-darwin-x64": {
      "version": "2.12.1",
      "resolved": "https://registry.npmjs.org/@tauri-apps/cli-darwin-x64/-/cli-darwin-x64-2.12.1.tgz",
      "cpu": [
        "x64"
      ],
      "os": [
        "darwin"
      ],
      "dev": true,
      "license": "Apache-2.0 OR MIT",
      "optional": true
    },
    "node_modules/@tauri-apps/cli-linux-arm-gnueabihf": {
      "version": "2.12.1",
      "resolved": "https://registry.npmjs.org/@tauri-apps/cli-linux-arm-gnueabihf/-/cli-linux-arm-gnueabihf-2.12.1.tgz",
      "cpu": [
        "arm"
      ],
      "os": [
        "linux"
      ],
      "dev": true,
      "license": "Apache-2.0 OR MIT",
      "optional": true
    },
    "node_modules/@tauri-apps/cli-linux-arm64-gnu": {
      "version": "2.12.1",
      "resolved": "https://registry.npmjs.org/@tauri-apps/cli-linux-arm64-gnu/-/cli-linux-arm64-gnu-2.12.1.tgz",
      "cpu": [
        "arm64"
      ],
      "os": [
        "linux"
      ],
      "dev": true,
      "license": "Apache-2.0 OR MIT",
      "optional": true
    },
    "node_modules/@tauri-apps/cli-linux-arm64-musl": {
      "version": "2.12.1",
      "resolved": "https://registry.npmjs.org/@tauri-apps/cli-linux-arm64-musl/-/cli-linux-arm64-musl-2.12.1.tgz",
      "cpu": [
        "arm64"
      ],
      "os": [
        "linux"
      ],
      "dev": true,
      "license": "Apache-2.0 OR MIT",
      "optional": true
    },
    "node_modules/@tauri-apps/cli-linux-riscv64-gnu": {
      "version": "2.12.1",
      "resolved": "https://registry.npmjs.org/@tauri-apps/cli-linux-riscv64-gnu/-/cli-linux-riscv64-gnu-2.12.1.tgz",
      "cpu": [
        "riscv64"
      ],
      "os": [
        "linux"
      ],
      "dev": true,
      "license": "Apache-2.0 OR MIT",
      "optional": true
    },
    "node_modules/@tauri-apps/cli-linux-x64-gnu": {
      "version": "2.12.1",
      "resolved": "https://registry.npmjs.org/@tauri-apps/cli-linux-x64-gnu/-/cli-linux-x64-gnu-2.12.1.tgz",
      "cpu": [
        "x64"
      ],
      "os": [
        "linux"
      ],
      "dev": true,
      "license": "Apache-2.0 OR MIT",
      "optional": true
    },
    "node_modules/@tauri-apps/cli-linux-x64-musl": {
      "version": "2.12.1",
      "resolved": "https://registry.npmjs.org/@tauri-apps/cli-linux-x64-musl/-/cli-linux-x64-musl-2.12.1.tgz",
      "cpu": [
        "x64"
      ],
      "os": [
        "linux"
      ],
      "dev": true,
      "license": "Apache-2.0 OR MIT",
      "optional": true
    },
    "node_modules/@tauri-apps/cli-win32-arm64-msvc": {
      "version": "2.12.1",
      "resolved": "https://registry.npmjs.org/@tauri-apps/cli-win32-arm64-msvc/-/cli-win32-arm64-msvc-2.12.1.tgz",
      "cpu": [
        "arm64"
      ],
      "os": [
        "win32"
      ],
      "dev": true,
      "license": "Apache-2.0 OR MIT",
      "optional": true
    },
    "node_modules/@tauri-apps/cli-win32-ia32-msvc": {
      "version": "2.12.1",
      "resolved": "https://registry.npmjs.org/@tauri-apps/cli-win32-ia32-msvc/-/cli-win32-ia32-msvc-2.12.1.tgz",
      "cpu": [
        "ia32"
      ],
      "os": [
        "win32"
      ],
      "dev": true,
      "license": "Apache-2.0 OR MIT",
      "optional": true
    },
    "node_modules/@tauri-apps/cli-win32-x64-msvc": {
      "version": "2.12.1",
      "resolved": "https://registry.npmjs.org/@tauri-apps/cli-win32-x64-msvc/-/cli-win32-x64-msvc-2.12.1.tgz",
      "cpu": [
        "x64"
      ],
      "os": [
        "win32"
      ],
      "dev": true,
      "license": "Apache-2.0 OR MIT",
      "optional": true
    }
  }
}
